
Microsoft Visual Studio Solution File, Format Version 12.00
# Visual Studio Version 17
VisualStudioVersion = 17.6.33801.468
MinimumVisualStudioVersion = 10.0.40219.1
Project("{FAE04EC0-301F-11D3-BF4B-00C04F79EFBC}") = "WpfConsoleNet6", "WpfConsoleNet6.csproj", "{342DA4FB-8D52-43FD-B115-ECAD93CFB3F4}"
EndProject
Global
	GlobalSection(SolutionConfigurationPlatforms) = preSolution
		Debug|Any CPU = Debug|Any CPU
		Release|Any CPU = Release|Any CPU
	EndGlobalSection
	GlobalSection(ProjectConfigurationPlatforms) = postSolution
		{342DA4FB-8D52-43FD-B115-ECAD93CFB3F4}.Debug|Any CPU.ActiveCfg = Debug|Any CPU
		{342DA4FB-8D52-43FD-B115-ECAD93CFB3F4}.Debug|Any CPU.Build.0 = Debug|Any CPU
		{342DA4FB-8D52-43FD-B115-ECAD93CFB3F4}.Release|Any CPU.ActiveCfg = Release|Any CPU
		{342DA4FB-8D52-43FD-B115-ECAD93CFB3F4}.Release|Any CPU.Build.0 = Release|Any CPU
	EndGlobalSection
	GlobalSection(SolutionProperties) = preSolution
		HideSolutionNode = FALSE
	EndGlobalSection
	GlobalSection(ExtensibilityGlobals) = postSolution
		SolutionGuid = {0312F531-DB42-497F-ADBE-EC7BE7F4692A}
	EndGlobalSection
EndGlobal
